
Microsoft Visual Studio Solution File, Format Version 12.00
# Visual Studio Version 17
VisualStudioVersion = 17.5.002.0
MinimumVisualStudioVersion = 10.0.40219.1
Project("{9A19103F-16F7-4668-BE54-9A1E7A4F7556}") = "WhiteLagoon.Web", "WhiteLagoon.Web.csproj", "{5A92DC88-839C-42F5-849E-35A9593964FC}"
EndProject
Global
	GlobalSection(SolutionConfigurationPlatforms) = preSolution
		Debug|Any CPU = Debug|Any CPU
		Release|Any CPU = Release|Any CPU
	EndGlobalSection
	GlobalSection(ProjectConfigurationPlatforms) = postSolution
		{5A92DC88-839C-42F5-849E-35A9593964FC}.Debug|Any CPU.ActiveCfg = Debug|Any CPU
		{5A92DC88-839C-42F5-849E-35A9593964FC}.Debug|Any CPU.Build.0 = Debug|Any CPU
		{5A92DC88-839C-42F5-849E-35A9593964FC}.Release|Any CPU.ActiveCfg = Release|Any CPU
		{5A92DC88-839C-42F5-849E-35A9593964FC}.Release|Any CPU.Build.0 = Release|Any CPU
	EndGlobalSection
	GlobalSection(SolutionProperties) = preSolution
		HideSolutionNode = FALSE
	EndGlobalSection
	GlobalSection(ExtensibilityGlobals) = postSolution
		SolutionGuid = {E3217670-378B-4C15-BC5D-3628C13EEE8A}
	EndGlobalSection
EndGlobal
